// !$*UTF8*$!
{
	archiveVersion = 1;
	classes = {
	};
	objectVersion = 55;
	objects = {

/* Begin PBXBuildFile section */
		3D8697BB28C41F72008B34B3 /* AppDelegate.swift in Sources */ = {isa = PBXBuildFile; fileRef = 3D8697BA28C41F72008B34B3 /* AppDelegate.swift */; };
		3D8697BD28C41F72008B34B3 /* SceneDelegate.swift in Sources */ = {isa = PBXBuildFile; fileRef = 3D8697BC28C41F72008B34B3 /* SceneDelegate.swift */; };
		3D8697BF28C41F72008B34B3 /* ViewController.swift in Sources */ = {isa = PBXBuildFile; fileRef = 3D8697BE28C41F72008B34B3 /* ViewController.swift */; };
		3D8697C228C41F72008B34B3 /* Main.storyboard in Resources */ = {isa = PBXBuildFile; fileRef = 3D8697C028C41F72008B34B3 /* Main.storyboard */; };
		3D8697C428C41F73008B34B3 /* Assets.xcassets in Resources */ = {isa = PBXBuildFile; fileRef = 3D8697C328C41F73008B34B3 /* Assets.xcassets */; };
		3D8697C728C41F73008B34B3 /* LaunchScreen.storyboard in Resources */ = {isa = PBXBuildFile; fileRef = 3D8697C528C41F73008B34B3 /* LaunchScreen.storyboard */; };
		3D8697D028C43F9F008B34B3 /* KYResponse.swift in Sources */ = {isa = PBXBuildFile; fileRef = 3D8697CF28C43F9F008B34B3 /* KYResponse.swift */; };
		3D8697D228C43FDB008B34B3 /* KYRequest.swift in Sources */ = {isa = PBXBuildFile; fileRef = 3D8697D128C43FDB008B34B3 /* KYRequest.swift */; };
		3D8697D428C444C4008B34B3 /* KYDataLoader.swift in Sources */ = {isa = PBXBuildFile; fileRef = 3D8697D328C444C4008B34B3 /* KYDataLoader.swift */; };
		3D8697D828C4A2A3008B34B3 /* KYAPIClientDelegate.swift in Sources */ = {isa = PBXBuildFile; fileRef = 3D8697D728C4A2A3008B34B3 /* KYAPIClientDelegate.swift */; };
		3D8697DA28C4A2C1008B34B3 /* KYAPIClient.swift in Sources */ = {isa = PBXBuildFile; fileRef = 3D8697D928C4A2C1008B34B3 /* KYAPIClient.swift */; };
		3D8697E028C4B765008B34B3 /* JYAPIClientDelegate.swift in Sources */ = {isa = PBXBuildFile; fileRef = 3D8697DF28C4B765008B34B3 /* JYAPIClientDelegate.swift */; };
/* End PBXBuildFile section */

/* Begin PBXFileReference section */
		3D8697B728C41F72008B34B3 /* KYNetworkModule.app */ = {isa = PBXFileReference; explicitFileType = wrapper.application; includeInIndex = 0; path = KYNetworkModule.app; sourceTree = BUILT_PRODUCTS_DIR; };
		3D8697BA28C41F72008B34B3 /* AppDelegate.swift */ = {isa = PBXFileReference; lastKnownFileType = sourcecode.swift; path = AppDelegate.swift; sourceTree = "<group>"; };
		3D8697BC28C41F72008B34B3 /* SceneDelegate.swift */ = {isa = PBXFileReference; lastKnownFileType = sourcecode.swift; path = SceneDelegate.swift; sourceTree = "<group>"; };
		3D8697BE28C41F72008B34B3 /* ViewController.swift */ = {isa = PBXFileReference; lastKnownFileType = sourcecode.swift; path = ViewController.swift; sourceTree = "<group>"; };
		3D8697C128C41F72008B34B3 /* Base */ = {isa = PBXFileReference; lastKnownFileType = file.storyboard; name = Base; path = Base.lproj/Main.storyboard; sourceTree = "<group>"; };
		3D8697C328C41F73008B34B3 /* Assets.xcassets */ = {isa = PBXFileReference; lastKnownFileType = folder.assetcatalog; path = Assets.xcassets; sourceTree = "<group>"; };
		3D8697C628C41F73008B34B3 /* Base */ = {isa = PBXFileReference; lastKnownFileType = file.storyboard; name = Base; path = Base.lproj/LaunchScreen.storyboard; sourceTree = "<group>"; };
		3D8697C828C41F73008B34B3 /* Info.plist */ = {isa = PBXFileReference; lastKnownFileType = text.plist.xml; path = Info.plist; sourceTree = "<group>"; };
		3D8697CF28C43F9F008B34B3 /* KYResponse.swift */ = {isa = PBXFileReference; fileEncoding = 4; lastKnownFileType = sourcecode.swift; path = KYResponse.swift; sourceTree = "<group>"; };
		3D8697D128C43FDB008B34B3 /* KYRequest.swift */ = {isa = PBXFileReference; lastKnownFileType = sourcecode.swift; path = KYRequest.swift; sourceTree = "<group>"; };
		3D8697D328C444C4008B34B3 /* KYDataLoader.swift */ = {isa = PBXFileReference; lastKnownFileType = sourcecode.swift; path = KYDataLoader.swift; sourceTree = "<group>"; };
		3D8697D728C4A2A3008B34B3 /* KYAPIClientDelegate.swift */ = {isa = PBXFileReference; lastKnownFileType = sourcecode.swift; path = KYAPIClientDelegate.swift; sourceTree = "<group>"; };
		3D8697D928C4A2C1008B34B3 /* KYAPIClient.swift */ = {isa = PBXFileReference; lastKnownFileType = sourcecode.swift; path = KYAPIClient.swift; sourceTree = "<group>"; };
		3D8697DF28C4B765008B34B3 /* JYAPIClientDelegate.swift */ = {isa = PBXFileReference; lastKnownFileType = sourcecode.swift; path = JYAPIClientDelegate.swift; sourceTree = "<group>"; };
/* End PBXFileReference section */

/* Begin PBXFrameworksBuildPhase section */
		3D8697B428C41F72008B34B3 /* Frameworks */ = {
			isa = PBXFrameworksBuildPhase;
			buildActionMask = 2147483647;
			files = (
			);
			runOnlyForDeploymentPostprocessing = 0;
		};
/* End PBXFrameworksBuildPhase section */

/* Begin PBXGroup section */
		3D8697AE28C41F72008B34B3 = {
			isa = PBXGroup;
			children = (
				3D8697B928C41F72008B34B3 /* KYNetworkModule */,
				3D8697B828C41F72008B34B3 /* Products */,
			);
			sourceTree = "<group>";
		};
		3D8697B828C41F72008B34B3 /* Products */ = {
			isa = PBXGroup;
			children = (
				3D8697B728C41F72008B34B3 /* KYNetworkModule.app */,
			);
			name = Products;
			sourceTree = "<group>";
		};
		3D8697B928C41F72008B34B3 /* KYNetworkModule */ = {
			isa = PBXGroup;
			children = (
				3D8697BA28C41F72008B34B3 /* AppDelegate.swift */,
				3D8697BC28C41F72008B34B3 /* SceneDelegate.swift */,
				3D8697BE28C41F72008B34B3 /* ViewController.swift */,
				3D8697DF28C4B765008B34B3 /* JYAPIClientDelegate.swift */,
				3D8697CE28C41F7B008B34B3 /* Core */,
				3D8697C028C41F72008B34B3 /* Main.storyboard */,
				3D8697C328C41F73008B34B3 /* Assets.xcassets */,
				3D8697C528C41F73008B34B3 /* LaunchScreen.storyboard */,
				3D8697C828C41F73008B34B3 /* Info.plist */,
			);
			path = KYNetworkModule;
			sourceTree = "<group>";
		};
		3D8697CE28C41F7B008B34B3 /* Core */ = {
			isa = PBXGroup;
			children = (
				3D8697CF28C43F9F008B34B3 /* KYResponse.swift */,
				3D8697D128C43FDB008B34B3 /* KYRequest.swift */,
				3D8697D328C444C4008B34B3 /* KYDataLoader.swift */,
				3D8697D928C4A2C1008B34B3 /* KYAPIClient.swift */,
				3D8697D728C4A2A3008B34B3 /* KYAPIClientDelegate.swift */,
			);
			path = Core;
			sourceTree = "<group>";
		};
/* End PBXGroup section */

/* Begin PBXNativeTarget section */
		3D8697B628C41F72008B34B3 /* KYNetworkModule */ = {
			isa = PBXNativeTarget;
			buildConfigurationList = 3D8697CB28C41F73008B34B3 /* Build configuration list for PBXNativeTarget "KYNetworkModule" */;
			buildPhases = (
				3D8697B328C41F72008B34B3 /* Sources */,
				3D8697B428C41F72008B34B3 /* Frameworks */,
				3D8697B528C41F72008B34B3 /* Resources */,
			);
			buildRules = (
			);
			dependencies = (
			);
			name = KYNetworkModule;
			productName = KYNetworkModule;
			productReference = 3D8697B728C41F72008B34B3 /* KYNetworkModule.app */;
			productType = "com.apple.product-type.application";
		};
/* End PBXNativeTarget section */

/* Begin PBXProject section */
		3D8697AF28C41F72008B34B3 /* Project object */ = {
			isa = PBXProject;
			attributes = {
				BuildIndependentTargetsInParallel = 1;
				LastSwiftUpdateCheck = 1340;
				LastUpgradeCheck = 1340;
				TargetAttributes = {
					3D8697B628C41F72008B34B3 = {
						CreatedOnToolsVersion = 13.4.1;
					};
				};
			};
			buildConfigurationList = 3D8697B228C41F72008B34B3 /* Build configuration list for PBXProject "KYNetworkModule" */;
			compatibilityVersion = "Xcode 13.0";
			developmentRegion = en;
			hasScannedForEncodings = 0;
			knownRegions = (
				en,
				Base,
			);
			mainGroup = 3D8697AE28C41F72008B34B3;
			productRefGroup = 3D8697B828C41F72008B34B3 /* Products */;
			projectDirPath = "";
			projectRoot = "";
			targets = (
				3D8697B628C41F72008B34B3 /* KYNetworkModule */,
			);
		};
/* End PBXProject section */

/* Begin PBXResourcesBuildPhase section */
		3D8697B528C41F72008B34B3 /* Resources */ = {
			isa = PBXResourcesBuildPhase;
			buildActionMask = 2147483647;
			files = (
				3D8697C728C41F73008B34B3 /* LaunchScreen.storyboard in Resources */,
				3D8697C428C41F73008B34B3 /* Assets.xcassets in Resources */,
				3D8697C228C41F72008B34B3 /* Main.storyboard in Resources */,
			);
			runOnlyForDeploymentPostprocessing = 0;
		};
/* End PBXResourcesBuildPhase section */

/* Begin PBXSourcesBuildPhase section */
		3D8697B328C41F72008B34B3 /* Sources */ = {
			isa = PBXSourcesBuildPhase;
			buildActionMask = 2147483647;
			files = (
				3D8697E028C4B765008B34B3 /* JYAPIClientDelegate.swift in Sources */,
				3D8697BF28C41F72008B34B3 /* ViewController.swift in Sources */,
				3D8697DA28C4A2C1008B34B3 /* KYAPIClient.swift in Sources */,
				3D8697D828C4A2A3008B34B3 /* KYAPIClientDelegate.swift in Sources */,
				3D8697BB28C41F72008B34B3 /* AppDelegate.swift in Sources */,
				3D8697D428C444C4008B34B3 /* KYDataLoader.swift in Sources */,
				3D8697D028C43F9F008B34B3 /* KYResponse.swift in Sources */,
				3D8697D228C43FDB008B34B3 /* KYRequest.swift in Sources */,
				3D8697BD28C41F72008B34B3 /* SceneDelegate.swift in Sources */,
			);
			runOnlyForDeploymentPostprocessing = 0;
		};
/* End PBXSourcesBuildPhase section */

/* Begin PBXVariantGroup section */
		3D8697C028C41F72008B34B3 /* Main.storyboard */ = {
			isa = PBXVariantGroup;
			children = (
				3D8697C128C41F72008B34B3 /* Base */,
			);
			name = Main.storyboard;
			sourceTree = "<group>";
		};
		3D8697C528C41F73008B34B3 /* LaunchScreen.storyboard */ = {
			isa = PBXVariantGroup;
			children = (
				3D8697C628C41F73008B34B3 /* Base */,
			);
			name = LaunchScreen.storyboard;
			sourceTree = "<group>";
		};
/* End PBXVariantGroup section */

/* Begin XCBuildConfiguration section */
		3D8697C928C41F73008B34B3 /* Debug */ = {
			isa = XCBuildConfiguration;
			buildSettings = {
				ALWAYS_SEARCH_USER_PATHS = NO;
				CLANG_ANALYZER_NONNULL = YES;
				CLANG_ANALYZER_NUMBER_OBJECT_CONVERSION = YES_AGGRESSIVE;
				CLANG_CXX_LANGUAGE_STANDARD = "gnu++17";
				CLANG_ENABLE_MODULES = YES;
				CLANG_ENABLE_OBJC_ARC = YES;
				CLANG_ENABLE_OBJC_WEAK = YES;
				CLANG_WARN_BLOCK_CAPTURE_AUTORELEASING = YES;
				CLANG_WARN_BOOL_CONVERSION = YES;
				CLANG_WARN_COMMA = YES;
				CLANG_WARN_CONSTANT_CONVERSION = YES;
				CLANG_WARN_DEPRECATED_OBJC_IMPLEMENTATIONS = YES;
				CLANG_WARN_DIRECT_OBJC_ISA_USAGE = YES_ERROR;
				CLANG_WARN_DOCUMENTATION_COMMENTS = YES;
				CLANG_WARN_EMPTY_BODY = YES;
				CLANG_WARN_ENUM_CONVERSION = YES;
				CLANG_WARN_INFINITE_RECURSION = YES;
				CLANG_WARN_INT_CONVERSION = YES;
				CLANG_WARN_NON_LITERAL_NULL_CONVERSION = YES;
				CLANG_WARN_OBJC_IMPLICIT_RETAIN_SELF = YES;
				CLANG_WARN_OBJC_LITERAL_CONVERSION = YES;
				CLANG_WARN_OBJC_ROOT_CLASS = YES_ERROR;
				CLANG_WARN_QUOTED_INCLUDE_IN_FRAMEWORK_HEADER = YES;
				CLANG_WARN_RANGE_LOOP_ANALYSIS = YES;
				CLANG_WARN_STRICT_PROTOTYPES = YES;
				CLANG_WARN_SUSPICIOUS_MOVE = YES;
				CLANG_WARN_UNGUARDED_AVAILABILITY = YES_AGGRESSIVE;
				CLANG_WARN_UNREACHABLE_CODE = YES;
				CLANG_WARN__DUPLICATE_METHOD_MATCH = YES;
				COPY_PHASE_STRIP = NO;
				DEBUG_INFORMATION_FORMAT = dwarf;
				ENABLE_STRICT_OBJC_MSGSEND = YES;
				ENABLE_TESTABILITY = YES;
				GCC_C_LANGUAGE_STANDARD = gnu11;
				GCC_DYNAMIC_NO_PIC = NO;
				GCC_NO_COMMON_BLOCKS = YES;
				GCC_OPTIMIZATION_LEVEL = 0;
				GCC_PREPROCESSOR_DEFINITIONS = (
					"DEBUG=1",
					"$(inherited)",
				);
				GCC_WARN_64_TO_32_BIT_CONVERSION = YES;
				GCC_WARN_ABOUT_RETURN_TYPE = YES_ERROR;
				GCC_WARN_UNDECLARED_SELECTOR = YES;
				GCC_WARN_UNINITIALIZED_AUTOS = YES_AGGRESSIVE;
				GCC_WARN_UNUSED_FUNCTION = YES;
				GCC_WARN_UNUSED_VARIABLE = YES;
				IPHONEOS_DEPLOYMENT_TARGET = 15.5;
				MTL_ENABLE_DEBUG_INFO = INCLUDE_SOURCE;
				MTL_FAST_MATH = YES;
				ONLY_ACTIVE_ARCH = YES;
				SDKROOT = iphoneos;
				SWIFT_ACTIVE_COMPILATION_CONDITIONS = DEBUG;
				SWIFT_OPTIMIZATION_LEVEL = "-Onone";
			};
			name = Debug;
		};
		3D8697CA28C41F73008B34B3 /* Release */ = {
			isa = XCBuildConfiguration;
			buildSettings = {
				ALWAYS_SEARCH_USER_PATHS = NO;
				CLANG_ANALYZER_NONNULL = YES;
				CLANG_ANALYZER_NUMBER_OBJECT_CONVERSION = YES_AGGRESSIVE;
				CLANG_CXX_LANGUAGE_STANDARD = "gnu++17";
				CLANG_ENABLE_MODULES = YES;
				CLANG_ENABLE_OBJC_ARC = YES;
				CLANG_ENABLE_OBJC_WEAK = YES;
				CLANG_WARN_BLOCK_CAPTURE_AUTORELEASING = YES;
				CLANG_WARN_BOOL_CONVERSION = YES;
				CLANG_WARN_COMMA = YES;
				CLANG_WARN_CONSTANT_CONVERSION = YES;
				CLANG_WARN_DEPRECATED_OBJC_IMPLEMENTATIONS = YES;
				CLANG_WARN_DIRECT_OBJC_ISA_USAGE = YES_ERROR;
				CLANG_WARN_DOCUMENTATION_COMMENTS = YES;
				CLANG_WARN_EMPTY_BODY = YES;
				CLANG_WARN_ENUM_CONVERSION = YES;
				CLANG_WARN_INFINITE_RECURSION = YES;
				CLANG_WARN_INT_CONVERSION = YES;
				CLANG_WARN_NON_LITERAL_NULL_CONVERSION = YES;
				CLANG_WARN_OBJC_IMPLICIT_RETAIN_SELF = YES;
				CLANG_WARN_OBJC_LITERAL_CONVERSION = YES;
				CLANG_WARN_OBJC_ROOT_CLASS = YES_ERROR;
				CLANG_WARN_QUOTED_INCLUDE_IN_FRAMEWORK_HEADER = YES;
				CLANG_WARN_RANGE_LOOP_ANALYSIS = YES;
				CLANG_WARN_STRICT_PROTOTYPES = YES;
				CLANG_WARN_SUSPICIOUS_MOVE = YES;
				CLANG_WARN_UNGUARDED_AVAILABILITY = YES_AGGRESSIVE;
				CLANG_WARN_UNREACHABLE_CODE = YES;
				CLANG_WARN__DUPLICATE_METHOD_MATCH = YES;
				COPY_PHASE_STRIP = NO;
				DEBUG_INFORMATION_FORMAT = "dwarf-with-dsym";
				ENABLE_NS_ASSERTIONS = NO;
				ENABLE_STRICT_OBJC_MSGSEND = YES;
				GCC_C_LANGUAGE_STANDARD = gnu11;
				GCC_NO_COMMON_BLOCKS = YES;
				GCC_WARN_64_TO_32_BIT_CONVERSION = YES;
				GCC_WARN_ABOUT_RETURN_TYPE = YES_ERROR;
				GCC_WARN_UNDECLARED_SELECTOR = YES;
				GCC_WARN_UNINITIALIZED_AUTOS = YES_AGGRESSIVE;
				GCC_WARN_UNUSED_FUNCTION = YES;
				GCC_WARN_UNUSED_VARIABLE = YES;
				IPHONEOS_DEPLOYMENT_TARGET = 15.5;
				MTL_ENABLE_DEBUG_INFO = NO;
				MTL_FAST_MATH = YES;
				SDKROOT = iphoneos;
				SWIFT_COMPILATION_MODE = wholemodule;
				SWIFT_OPTIMIZATION_LEVEL = "-O";
				VALIDATE_PRODUCT = YES;
			};
			name = Release;
		};
		3D8697CC28C41F73008B34B3 /* Debug */ = {
			isa = XCBuildConfiguration;
			buildSettings = {
				ASSETCATALOG_COMPILER_APPICON_NAME = AppIcon;
				ASSETCATALOG_COMPILER_GLOBAL_ACCENT_COLOR_NAME = AccentColor;
				CODE_SIGN_STYLE = Automatic;
				CURRENT_PROJECT_VERSION = 1;
				DEVELOPMENT_TEAM = 7H35643SZ9;
				GENERATE_INFOPLIST_FILE = YES;
				INFOPLIST_FILE = KYNetworkModule/Info.plist;
				INFOPLIST_KEY_UIApplicationSupportsIndirectInputEvents = YES;
				INFOPLIST_KEY_UILaunchStoryboardName = LaunchScreen;
				INFOPLIST_KEY_UIMainStoryboardFile = Main;
				INFOPLIST_KEY_UISupportedInterfaceOrientations_iPad = "UIInterfaceOrientationPortrait UIInterfaceOrientationPortraitUpsideDown UIInterfaceOrientationLandscapeLeft UIInterfaceOrientationLandscapeRight";
				INFOPLIST_KEY_UISupportedInterfaceOrientations_iPhone = "UIInterfaceOrientationPortrait UIInterfaceOrientationLandscapeLeft UIInterfaceOrientationLandscapeRight";
				LD_RUNPATH_SEARCH_PATHS = (
					"$(inherited)",
					"@executable_path/Frameworks",
				);
				MARKETING_VERSION = 1.0;
				PRODUCT_BUNDLE_IDENTIFIER = com.bitmart.exchange.KYNetworkModule;
				PRODUCT_NAME = "$(TARGET_NAME)";
				SWIFT_EMIT_LOC_STRINGS = YES;
				SWIFT_VERSION = 5.0;
				TARGETED_DEVICE_FAMILY = "1,2";
			};
			name = Debug;
		};
		3D8697CD28C41F73008B34B3 /* Release */ = {
			isa = XCBuildConfiguration;
			buildSettings = {
				ASSETCATALOG_COMPILER_APPICON_NAME = AppIcon;
				ASSETCATALOG_COMPILER_GLOBAL_ACCENT_COLOR_NAME = AccentColor;
				CODE_SIGN_STYLE = Automatic;
				CURRENT_PROJECT_VERSION = 1;
				DEVELOPMENT_TEAM = 7H35643SZ9;
				GENERATE_INFOPLIST_FILE = YES;
				INFOPLIST_FILE = KYNetworkModule/Info.plist;
				INFOPLIST_KEY_UIApplicationSupportsIndirectInputEvents = YES;
				INFOPLIST_KEY_UILaunchStoryboardName = LaunchScreen;
				INFOPLIST_KEY_UIMainStoryboardFile = Main;
				INFOPLIST_KEY_UISupportedInterfaceOrientations_iPad = "UIInterfaceOrientationPortrait UIInterfaceOrientationPortraitUpsideDown UIInterfaceOrientationLandscapeLeft UIInterfaceOrientationLandscapeRight";
				INFOPLIST_KEY_UISupportedInterfaceOrientations_iPhone = "UIInterfaceOrientationPortrait UIInterfaceOrientationLandscapeLeft UIInterfaceOrientationLandscapeRight";
				LD_RUNPATH_SEARCH_PATHS = (
					"$(inherited)",
					"@executable_path/Frameworks",
				);
				MARKETING_VERSION = 1.0;
				PRODUCT_BUNDLE_IDENTIFIER = com.bitmart.exchange.KYNetworkModule;
				PRODUCT_NAME = "$(TARGET_NAME)";
				SWIFT_EMIT_LOC_STRINGS = YES;
				SWIFT_VERSION = 5.0;
				TARGETED_DEVICE_FAMILY = "1,2";
			};
			name = Release;
		};
/* End XCBuildConfiguration section */

/* Begin XCConfigurationList section */
		3D8697B228C41F72008B34B3 /* Build configuration list for PBXProject "KYNetworkModule" */ = {
			isa = XCConfigurationList;
			buildConfigurations = (
				3D8697C928C41F73008B34B3 /* Debug */,
				3D8697CA28C41F73008B34B3 /* Release */,
			);
			defaultConfigurationIsVisible = 0;
			defaultConfigurationName = Release;
		};
		3D8697CB28C41F73008B34B3 /* Build configuration list for PBXNativeTarget "KYNetworkModule" */ = {
			isa = XCConfigurationList;
			buildConfigurations = (
				3D8697CC28C41F73008B34B3 /* Debug */,
				3D8697CD28C41F73008B34B3 /* Release */,
			);
			defaultConfigurationIsVisible = 0;
			defaultConfigurationName = Release;
		};
/* End XCConfigurationList section */
	};
	rootObject = 3D8697AF28C41F72008B34B3 /* Project object */;
}
